
Microsoft Visual Studio Solution File, Format Version 12.00
# Visual Studio 15
VisualStudioVersion = 15.0.27428.2015
MinimumVisualStudioVersion = 10.0.40219.1
Project("{FAE04EC0-301F-11D3-BF4B-00C04F79EFBC}") = "SubmissionUtility", "SubmissionUtility\SubmissionUtility.csproj", "{D067FE6C-A827-4FAE-BAE4-FBA9F86537DA}"
EndProject
Global
	GlobalSection(SolutionConfigurationPlatforms) = preSolution
		Debug|Any CPU = Debug|Any CPU
		Release|Any CPU = Release|Any CPU
	EndGlobalSection
	GlobalSection(ProjectConfigurationPlatforms) = postSolution
		{D067FE6C-A827-4FAE-BAE4-FBA9F86537DA}.Debug|Any CPU.ActiveCfg = Debug|Any CPU
		{D067FE6C-A827-4FAE-BAE4-FBA9F86537DA}.Debug|Any CPU.Build.0 = Debug|Any CPU
		{D067FE6C-A827-4FAE-BAE4-FBA9F86537DA}.Release|Any CPU.ActiveCfg = Release|Any CPU
		{D067FE6C-A827-4FAE-BAE4-FBA9F86537DA}.Release|Any CPU.Build.0 = Release|Any CPU
	EndGlobalSection
	GlobalSection(SolutionProperties) = preSolution
		HideSolutionNode = FALSE
	EndGlobalSection
	GlobalSection(ExtensibilityGlobals) = postSolution
		SolutionGuid = {2D821ECE-07A2-4BF0-B688-5C8E9570C46D}
	EndGlobalSection
EndGlobal
